
Microsoft Visual Studio Solution File, Format Version 12.00
# Visual Studio Version 17
VisualStudioVersion = 17.5.2.0
MinimumVisualStudioVersion = 10.0.40219.1
Project("{FAE04EC0-301F-11D3-BF4B-00C04F79EFBC}") = "NovaDrive.Infrastructure", "NovaDrive.Infrastructure.csproj", "{C9D30903-0609-156B-53CF-40E6CD20615A}"
EndProject
Project("{FAE04EC0-301F-11D3-BF4B-00C04F79EFBC}") = "NovaDrive.Domain", "..\NovaDrive.Domain\NovaDrive.Domain.csproj", "{8C507F0D-ACEB-4163-A2CF-E9CBE9E29ED9}"
EndProject
Global
	GlobalSection(SolutionConfigurationPlatforms) = preSolution
		Debug|Any CPU = Debug|Any CPU
		Debug|x64 = Debug|x64
		Debug|x86 = Debug|x86
		Release|Any CPU = Release|Any CPU
		Release|x64 = Release|x64
		Release|x86 = Release|x86
	EndGlobalSection
	GlobalSection(ProjectConfigurationPlatforms) = postSolution
		{C9D30903-0609-156B-53CF-40E6CD20615A}.Debug|Any CPU.ActiveCfg = Debug|Any CPU
		{C9D30903-0609-156B-53CF-40E6CD20615A}.Debug|Any CPU.Build.0 = Debug|Any CPU
		{C9D30903-0609-156B-53CF-40E6CD20615A}.Debug|x64.ActiveCfg = Debug|Any CPU
		{C9D30903-0609-156B-53CF-40E6CD20615A}.Debug|x64.Build.0 = Debug|Any CPU
		{C9D30903-0609-156B-53CF-40E6CD20615A}.Debug|x86.ActiveCfg = Debug|Any CPU
		{C9D30903-0609-156B-53CF-40E6CD20615A}.Debug|x86.Build.0 = Debug|Any CPU
		{C9D30903-0609-156B-53CF-40E6CD20615A}.Release|Any CPU.ActiveCfg = Release|Any CPU
		{C9D30903-0609-156B-53CF-40E6CD20615A}.Release|Any CPU.Build.0 = Release|Any CPU
		{C9D30903-0609-156B-53CF-40E6CD20615A}.Release|x64.ActiveCfg = Release|Any CPU
		{C9D30903-0609-156B-53CF-40E6CD20615A}.Release|x64.Build.0 = Release|Any CPU
		{C9D30903-0609-156B-53CF-40E6CD20615A}.Release|x86.ActiveCfg = Release|Any CPU
		{C9D30903-0609-156B-53CF-40E6CD20615A}.Release|x86.Build.0 = Release|Any CPU
		{8C507F0D-ACEB-4163-A2CF-E9CBE9E29ED9}.Debug|Any CPU.ActiveCfg = Debug|Any CPU
		{8C507F0D-ACEB-4163-A2CF-E9CBE9E29ED9}.Debug|Any CPU.Build.0 = Debug|Any CPU
		{8C507F0D-ACEB-4163-A2CF-E9CBE9E29ED9}.Debug|x64.ActiveCfg = Debug|Any CPU
		{8C507F0D-ACEB-4163-A2CF-E9CBE9E29ED9}.Debug|x64.Build.0 = Debug|Any CPU
		{8C507F0D-ACEB-4163-A2CF-E9CBE9E29ED9}.Debug|x86.ActiveCfg = Debug|Any CPU
		{8C507F0D-ACEB-4163-A2CF-E9CBE9E29ED9}.Debug|x86.Build.0 = Debug|Any CPU
		{8C507F0D-ACEB-4163-A2CF-E9CBE9E29ED9}.Release|Any CPU.ActiveCfg = Release|Any CPU
		{8C507F0D-ACEB-4163-A2CF-E9CBE9E29ED9}.Release|Any CPU.Build.0 = Release|Any CPU
		{8C507F0D-ACEB-4163-A2CF-E9CBE9E29ED9}.Release|x64.ActiveCfg = Release|Any CPU
		{8C507F0D-ACEB-4163-A2CF-E9CBE9E29ED9}.Release|x64.Build.0 = Release|Any CPU
		{8C507F0D-ACEB-4163-A2CF-E9CBE9E29ED9}.Release|x86.ActiveCfg = Release|Any CPU
		{8C507F0D-ACEB-4163-A2CF-E9CBE9E29ED9}.Release|x86.Build.0 = Release|Any CPU
	EndGlobalSection
	GlobalSection(SolutionProperties) = preSolution
		HideSolutionNode = FALSE
	EndGlobalSection
	GlobalSection(ExtensibilityGlobals) = postSolution
		SolutionGuid = {25FEADFF-173E-4841-A00F-A9C1803C5FC8}
	EndGlobalSection
EndGlobal
